
Microsoft Visual Studio Solution File, Format Version 12.00
Project("{FAE04EC0-301F-11D3-BF4B-00C04F79EFBC}") = "ORMPRACT", "ORMPRACT\ORMPRACT.csproj", "{5014C774-EC91-470F-B132-585A660D1688}"
EndProject
Project("{2150E333-8FDC-42A3-9474-1A3956D46DE8}") = "Solution Items", "Solution Items", "{965C2221-655A-41B9-A550-2D479736360B}"
	ProjectSection(SolutionItems) = preProject
		compose.yaml = compose.yaml
	EndProjectSection
EndProject
Global
	GlobalSection(SolutionConfigurationPlatforms) = preSolution
		Debug|Any CPU = Debug|Any CPU
		Release|Any CPU = Release|Any CPU
	EndGlobalSection
	GlobalSection(ProjectConfigurationPlatforms) = postSolution
		{5014C774-EC91-470F-B132-585A660D1688}.Debug|Any CPU.ActiveCfg = Debug|Any CPU
		{5014C774-EC91-470F-B132-585A660D1688}.Debug|Any CPU.Build.0 = Debug|Any CPU
		{5014C774-EC91-470F-B132-585A660D1688}.Release|Any CPU.ActiveCfg = Release|Any CPU
		{5014C774-EC91-470F-B132-585A660D1688}.Release|Any CPU.Build.0 = Release|Any CPU
	EndGlobalSection
EndGlobal
